
Microsoft Visual Studio Solution File, Format Version 12.00
# Visual Studio 15
VisualStudioVersion = 15.0.28307.779
MinimumVisualStudioVersion = 10.0.40219.1
Project("{FAE04EC0-301F-11D3-BF4B-00C04F79EFBC}") = "Lesson 3 PoP", "Lesson 3 PoP\Lesson 3 PoP.csproj", "{2C69E01C-CE24-4617-8F32-D1B8BF5C3166}"
EndProject
Global
	GlobalSection(SolutionConfigurationPlatforms) = preSolution
		Debug|Any CPU = Debug|Any CPU
		Release|Any CPU = Release|Any CPU
	EndGlobalSection
	GlobalSection(ProjectConfigurationPlatforms) = postSolution
		{2C69E01C-CE24-4617-8F32-D1B8BF5C3166}.Debug|Any CPU.ActiveCfg = Debug|Any CPU
		{2C69E01C-CE24-4617-8F32-D1B8BF5C3166}.Debug|Any CPU.Build.0 = Debug|Any CPU
		{2C69E01C-CE24-4617-8F32-D1B8BF5C3166}.Release|Any CPU.ActiveCfg = Release|Any CPU
		{2C69E01C-CE24-4617-8F32-D1B8BF5C3166}.Release|Any CPU.Build.0 = Release|Any CPU
	EndGlobalSection
	GlobalSection(SolutionProperties) = preSolution
		HideSolutionNode = FALSE
	EndGlobalSection
	GlobalSection(ExtensibilityGlobals) = postSolution
		SolutionGuid = {6DCC52AA-D6B4-4835-B3EA-535875F93D75}
	EndGlobalSection
EndGlobal
